PODS:
  - Alamofire (4.4.0)
  - RxCocoa (4.0.0-alpha.0):
    - RxSwift (~> 4.0.0-alpha.0)
  - RxSwift (4.0.0-alpha.0)

DEPENDENCIES:
  - Alamofire (from `https://github.com/Alamofire/Alamofire.git`, branch `swift4`)
  - RxCocoa (from `https://github.com/ReactiveX/RxSwift.git`, branch `swift4.0`)
  - RxSwift (from `https://github.com/ReactiveX/RxSwift.git`, branch `swift4.0`)

EXTERNAL SOURCES:
  Alamofire:
    :branch: swift4
    :git: https://github.com/Alamofire/Alamofire.git
  RxCocoa:
    :branch: swift4.0
    :git: https://github.com/ReactiveX/RxSwift.git
  RxSwift:
    :branch: swift4.0
    :git: https://github.com/ReactiveX/RxSwift.git

CHECKOUT OPTIONS:
  Alamofire:
    :commit: 9d6d16316edfb8ece47abebe1621d05ee6b0e6ed
    :git: https://github.com/Alamofire/Alamofire.git
  RxCocoa:
    :commit: 318aa90bca6f88f721e8b1a653e9ba999b970abe
    :git: https://github.com/ReactiveX/RxSwift.git
  RxSwift:
    :commit: 318aa90bca6f88f721e8b1a653e9ba999b970abe
    :git: https://github.com/ReactiveX/RxSwift.git

SPEC CHECKSUMS:
  Alamofire: 4c2bf7fa03c4a626163606de0a417568c270575e
  RxCocoa: d57cc4a5b88c5179b3ca7fe30d0ab0d928e886ff
  RxSwift: 6946957e4e99243ea7c9bba38afa06b1363b0048

PODFILE CHECKSUM: 5fdb974a9bbbe36f2578e2ca190046f52531d8b4

COCOAPODS: 1.3.0.beta.2
